// !$*UTF8*$!
{
	archiveVersion = 1;
	classes = {
	};
	objectVersion = 50;
	objects = {

/* Begin PBXBuildFile section */
		715AC4F8255C6DED00D4DC26 /* WinnerChecker.swift in Sources */ = {isa = PBXBuildFile; fileRef = 715AC4F7255C6DED00D4DC26 /* WinnerChecker.swift */; };
		7169E5CC255C1A4E00DE9635 /* GameState.swift in Sources */ = {isa = PBXBuildFile; fileRef = 7169E5CB255C1A4E00DE9635 /* GameState.swift */; };
		7169E5D1255C1AD100DE9635 /* PlayersState.swift in Sources */ = {isa = PBXBuildFile; fileRef = 7169E5D0255C1AD100DE9635 /* PlayersState.swift */; };
		7169E5D6255C1ADB00DE9635 /* GameOverState.swift in Sources */ = {isa = PBXBuildFile; fileRef = 7169E5D5255C1ADB00DE9635 /* GameOverState.swift */; };
		71B0B8FC25569E4D00AC5E15 /* AppDelegate.swift in Sources */ = {isa = PBXBuildFile; fileRef = 71B0B8FB25569E4D00AC5E15 /* AppDelegate.swift */; };
		71B0B8FE25569E4D00AC5E15 /* SceneDelegate.swift in Sources */ = {isa = PBXBuildFile; fileRef = 71B0B8FD25569E4D00AC5E15 /* SceneDelegate.swift */; };
		71B0B90325569E4D00AC5E15 /* Main.storyboard in Resources */ = {isa = PBXBuildFile; fileRef = 71B0B90125569E4D00AC5E15 /* Main.storyboard */; };
		71B0B90525569E4D00AC5E15 /* Assets.xcassets in Resources */ = {isa = PBXBuildFile; fileRef = 71B0B90425569E4D00AC5E15 /* Assets.xcassets */; };
		71B0B90825569E4D00AC5E15 /* LaunchScreen.storyboard in Resources */ = {isa = PBXBuildFile; fileRef = 71B0B90625569E4D00AC5E15 /* LaunchScreen.storyboard */; };
		71B0B91325569E4D00AC5E15 /* TicTacToeTests.swift in Sources */ = {isa = PBXBuildFile; fileRef = 71B0B91225569E4D00AC5E15 /* TicTacToeTests.swift */; };
		71B0B91E25569E4D00AC5E15 /* TicTacToeUITests.swift in Sources */ = {isa = PBXBuildFile; fileRef = 71B0B91D25569E4D00AC5E15 /* TicTacToeUITests.swift */; };
		71B0B93F2556A1B200AC5E15 /* Player.swift in Sources */ = {isa = PBXBuildFile; fileRef = 71B0B93E2556A1B200AC5E15 /* Player.swift */; };
		71B0B9492556A34300AC5E15 /* Figure.swift in Sources */ = {isa = PBXBuildFile; fileRef = 71B0B9482556A34300AC5E15 /* Figure.swift */; };
		71B0B95C2556C2D600AC5E15 /* DrawStrategy.swift in Sources */ = {isa = PBXBuildFile; fileRef = 71B0B95B2556C2D600AC5E15 /* DrawStrategy.swift */; };
		71B0B9702556CCEC00AC5E15 /* GameViewController.swift in Sources */ = {isa = PBXBuildFile; fileRef = 71B0B96E2556CCEC00AC5E15 /* GameViewController.swift */; };
		71B0B9772556CD0000AC5E15 /* InitPlayerViewController.swift in Sources */ = {isa = PBXBuildFile; fileRef = 71B0B9752556CD0000AC5E15 /* InitPlayerViewController.swift */; };
		71B0B9862556CDF900AC5E15 /* StartViewController.swift in Sources */ = {isa = PBXBuildFile; fileRef = 71B0B9842556CDF900AC5E15 /* StartViewController.swift */; };
		71B0B9982556DE2F00AC5E15 /* DrawStrategysFactory.swift in Sources */ = {isa = PBXBuildFile; fileRef = 71B0B9972556DE2F00AC5E15 /* DrawStrategysFactory.swift */; };
		71B0B99F2556E14500AC5E15 /* FigureCollectionViewCell.swift in Sources */ = {isa = PBXBuildFile; fileRef = 71B0B99D2556E14500AC5E15 /* FigureCollectionViewCell.swift */; };
		71B0B9A02556E14500AC5E15 /* FigureCollectionViewCell.xib in Resources */ = {isa = PBXBuildFile; fileRef = 71B0B99E2556E14500AC5E15 /* FigureCollectionViewCell.xib */; };
		71B0B9BE25570A2C00AC5E15 /* GameFieldCreator.swift in Sources */ = {isa = PBXBuildFile; fileRef = 71B0B9BD25570A2C00AC5E15 /* GameFieldCreator.swift */; };
		71B0B9CF255726F000AC5E15 /* Zero.swift in Sources */ = {isa = PBXBuildFile; fileRef = 71B0B9CE255726F000AC5E15 /* Zero.swift */; };
		71B0B9E425572A5F00AC5E15 /* Cross.swift in Sources */ = {isa = PBXBuildFile; fileRef = 71B0B9E325572A5F00AC5E15 /* Cross.swift */; };
		71B2230E255732B7003D05C2 /* GameField.swift in Sources */ = {isa = PBXBuildFile; fileRef = 71B2230D255732B7003D05C2 /* GameField.swift */; };
		71B22317255737EA003D05C2 /* EmptyCollectionViewCell.swift in Sources */ = {isa = PBXBuildFile; fileRef = 71B22315255737EA003D05C2 /* EmptyCollectionViewCell.swift */; };
		71B22318255737EA003D05C2 /* EmptyCollectionViewCell.xib in Resources */ = {isa = PBXBuildFile; fileRef = 71B22316255737EA003D05C2 /* EmptyCollectionViewCell.xib */; };
/* End PBXBuildFile section */

/* Begin PBXContainerItemProxy section */
		71B0B90F25569E4D00AC5E15 /* PBXContainerItemProxy */ = {
			isa = PBXContainerItemProxy;
			containerPortal = 71B0B8F025569E4C00AC5E15 /* Project object */;
			proxyType = 1;
			remoteGlobalIDString = 71B0B8F725569E4C00AC5E15;
			remoteInfo = TicTacToe;
		};
		71B0B91A25569E4D00AC5E15 /* PBXContainerItemProxy */ = {
			isa = PBXContainerItemProxy;
			containerPortal = 71B0B8F025569E4C00AC5E15 /* Project object */;
			proxyType = 1;
			remoteGlobalIDString = 71B0B8F725569E4C00AC5E15;
			remoteInfo = TicTacToe;
		};
/* End PBXContainerItemProxy section */

/* Begin PBXFileReference section */
		715AC4F7255C6DED00D4DC26 /* WinnerChecker.swift */ = {isa = PBXFileReference; lastKnownFileType = sourcecode.swift; path = WinnerChecker.swift; sourceTree = "<group>"; };
		7169E5CB255C1A4E00DE9635 /* GameState.swift */ = {isa = PBXFileReference; lastKnownFileType = sourcecode.swift; path = GameState.swift; sourceTree = "<group>"; };
		7169E5D0255C1AD100DE9635 /* PlayersState.swift */ = {isa = PBXFileReference; lastKnownFileType = sourcecode.swift; path = PlayersState.swift; sourceTree = "<group>"; };
		7169E5D5255C1ADB00DE9635 /* GameOverState.swift */ = {isa = PBXFileReference; lastKnownFileType = sourcecode.swift; path = GameOverState.swift; sourceTree = "<group>"; };
		71B0B8F825569E4D00AC5E15 /* TicTacToe.app */ = {isa = PBXFileReference; explicitFileType = wrapper.application; includeInIndex = 0; path = TicTacToe.app; sourceTree = BUILT_PRODUCTS_DIR; };
		71B0B8FB25569E4D00AC5E15 /* AppDelegate.swift */ = {isa = PBXFileReference; lastKnownFileType = sourcecode.swift; path = AppDelegate.swift; sourceTree = "<group>"; };
		71B0B8FD25569E4D00AC5E15 /* SceneDelegate.swift */ = {isa = PBXFileReference; lastKnownFileType = sourcecode.swift; path = SceneDelegate.swift; sourceTree = "<group>"; };
		71B0B90225569E4D00AC5E15 /* Base */ = {isa = PBXFileReference; lastKnownFileType = file.storyboard; name = Base; path = Base.lproj/Main.storyboard; sourceTree = "<group>"; };
		71B0B90425569E4D00AC5E15 /* Assets.xcassets */ = {isa = PBXFileReference; lastKnownFileType = folder.assetcatalog; path = Assets.xcassets; sourceTree = "<group>"; };
		71B0B90725569E4D00AC5E15 /* Base */ = {isa = PBXFileReference; lastKnownFileType = file.storyboard; name = Base; path = Base.lproj/LaunchScreen.storyboard; sourceTree = "<group>"; };
		71B0B90925569E4D00AC5E15 /* Info.plist */ = {isa = PBXFileReference; lastKnownFileType = text.plist.xml; path = Info.plist; sourceTree = "<group>"; };
		71B0B90E25569E4D00AC5E15 /* TicTacToeTests.xctest */ = {isa = PBXFileReference; explicitFileType = wrapper.cfbundle; includeInIndex = 0; path = TicTacToeTests.xctest; sourceTree = BUILT_PRODUCTS_DIR; };
		71B0B91225569E4D00AC5E15 /* TicTacToeTests.swift */ = {isa = PBXFileReference; lastKnownFileType = sourcecode.swift; path = TicTacToeTests.swift; sourceTree = "<group>"; };
		71B0B91425569E4D00AC5E15 /* Info.plist */ = {isa = PBXFileReference; lastKnownFileType = text.plist.xml; path = Info.plist; sourceTree = "<group>"; };
		71B0B91925569E4D00AC5E15 /* TicTacToeUITests.xctest */ = {isa = PBXFileReference; explicitFileType = wrapper.cfbundle; includeInIndex = 0; path = TicTacToeUITests.xctest; sourceTree = BUILT_PRODUCTS_DIR; };
		71B0B91D25569E4D00AC5E15 /* TicTacToeUITests.swift */ = {isa = PBXFileReference; lastKnownFileType = sourcecode.swift; path = TicTacToeUITests.swift; sourceTree = "<group>"; };
		71B0B91F25569E4D00AC5E15 /* Info.plist */ = {isa = PBXFileReference; lastKnownFileType = text.plist.xml; path = Info.plist; sourceTree = "<group>"; };
		71B0B93E2556A1B200AC5E15 /* Player.swift */ = {isa = PBXFileReference; lastKnownFileType = sourcecode.swift; path = Player.swift; sourceTree = "<group>"; };
		71B0B9482556A34300AC5E15 /* Figure.swift */ = {isa = PBXFileReference; lastKnownFileType = sourcecode.swift; path = Figure.swift; sourceTree = "<group>"; };
		71B0B95B2556C2D600AC5E15 /* DrawStrategy.swift */ = {isa = PBXFileReference; lastKnownFileType = sourcecode.swift; path = DrawStrategy.swift; sourceTree = "<group>"; };
		71B0B96E2556CCEC00AC5E15 /* GameViewController.swift */ = {isa = PBXFileReference; lastKnownFileType = sourcecode.swift; path = GameViewController.swift; sourceTree = "<group>"; };
		71B0B9752556CD0000AC5E15 /* InitPlayerViewController.swift */ = {isa = PBXFileReference; lastKnownFileType = sourcecode.swift; path = InitPlayerViewController.swift; sourceTree = "<group>"; };
		71B0B9842556CDF900AC5E15 /* StartViewController.swift */ = {isa = PBXFileReference; lastKnownFileType = sourcecode.swift; path = StartViewController.swift; sourceTree = "<group>"; };
		71B0B9972556DE2F00AC5E15 /* DrawStrategysFactory.swift */ = {isa = PBXFileReference; lastKnownFileType = sourcecode.swift; path = DrawStrategysFactory.swift; sourceTree = "<group>"; };
		71B0B99D2556E14500AC5E15 /* FigureCollectionViewCell.swift */ = {isa = PBXFileReference; lastKnownFileType = sourcecode.swift; path = FigureCollectionViewCell.swift; sourceTree = "<group>"; };
		71B0B99E2556E14500AC5E15 /* FigureCollectionViewCell.xib */ = {isa = PBXFileReference; lastKnownFileType = file.xib; path = FigureCollectionViewCell.xib; sourceTree = "<group>"; };
		71B0B9BD25570A2C00AC5E15 /* GameFieldCreator.swift */ = {isa = PBXFileReference; lastKnownFileType = sourcecode.swift; path = GameFieldCreator.swift; sourceTree = "<group>"; };
		71B0B9CE255726F000AC5E15 /* Zero.swift */ = {isa = PBXFileReference; lastKnownFileType = sourcecode.swift; path = Zero.swift; sourceTree = "<group>"; };
		71B0B9E325572A5F00AC5E15 /* Cross.swift */ = {isa = PBXFileReference; lastKnownFileType = sourcecode.swift; path = Cross.swift; sourceTree = "<group>"; };
		71B2230D255732B7003D05C2 /* GameField.swift */ = {isa = PBXFileReference; lastKnownFileType = sourcecode.swift; path = GameField.swift; sourceTree = "<group>"; };
		71B22315255737EA003D05C2 /* EmptyCollectionViewCell.swift */ = {isa = PBXFileReference; lastKnownFileType = sourcecode.swift; path = EmptyCollectionViewCell.swift; sourceTree = "<group>"; };
		71B22316255737EA003D05C2 /* EmptyCollectionViewCell.xib */ = {isa = PBXFileReference; lastKnownFileType = file.xib; path = EmptyCollectionViewCell.xib; sourceTree = "<group>"; };
/* End PBXFileReference section */

/* Begin PBXFrameworksBuildPhase section */
		71B0B8F525569E4C00AC5E15 /* Frameworks */ = {
			isa = PBXFrameworksBuildPhase;
			buildActionMask = 2147483647;
			files = (
			);
			runOnlyForDeploymentPostprocessing = 0;
		};
		71B0B90B25569E4D00AC5E15 /* Frameworks */ = {
			isa = PBXFrameworksBuildPhase;
			buildActionMask = 2147483647;
			files = (
			);
			runOnlyForDeploymentPostprocessing = 0;
		};
		71B0B91625569E4D00AC5E15 /* Frameworks */ = {
			isa = PBXFrameworksBuildPhase;
			buildActionMask = 2147483647;
			files = (
			);
			runOnlyForDeploymentPostprocessing = 0;
		};
/* End PBXFrameworksBuildPhase section */

/* Begin PBXGroup section */
		7169E5CA255C19EC00DE9635 /* View Controller States */ = {
			isa = PBXGroup;
			children = (
				7169E5CB255C1A4E00DE9635 /* GameState.swift */,
				7169E5D0255C1AD100DE9635 /* PlayersState.swift */,
				7169E5D5255C1ADB00DE9635 /* GameOverState.swift */,
			);
			path = "View Controller States";
			sourceTree = "<group>";
		};
		71B0B8EF25569E4C00AC5E15 = {
			isa = PBXGroup;
			children = (
				71B0B8FA25569E4D00AC5E15 /* TicTacToe */,
				71B0B91125569E4D00AC5E15 /* TicTacToeTests */,
				71B0B91C25569E4D00AC5E15 /* TicTacToeUITests */,
				71B0B8F925569E4D00AC5E15 /* Products */,
			);
			sourceTree = "<group>";
		};
		71B0B8F925569E4D00AC5E15 /* Products */ = {
			isa = PBXGroup;
			children = (
				71B0B8F825569E4D00AC5E15 /* TicTacToe.app */,
				71B0B90E25569E4D00AC5E15 /* TicTacToeTests.xctest */,
				71B0B91925569E4D00AC5E15 /* TicTacToeUITests.xctest */,
			);
			name = Products;
			sourceTree = "<group>";
		};
		71B0B8FA25569E4D00AC5E15 /* TicTacToe */ = {
			isa = PBXGroup;
			children = (
				71B0B9BC2557099A00AC5E15 /* Facade */,
				71B0B9B52557087100AC5E15 /* Draw Strategys */,
				71B0B93C2556A16300AC5E15 /* Models */,
				71B0B99C2556E12400AC5E15 /* Cells */,
				71B0B9312556A0F600AC5E15 /* View Controllers */,
				71B0B93D2556A16D00AC5E15 /* Support Files */,
			);
			path = TicTacToe;
			sourceTree = "<group>";
		};
		71B0B91125569E4D00AC5E15 /* TicTacToeTests */ = {
			isa = PBXGroup;
			children = (
				71B0B91225569E4D00AC5E15 /* TicTacToeTests.swift */,
				71B0B91425569E4D00AC5E15 /* Info.plist */,
			);
			path = TicTacToeTests;
			sourceTree = "<group>";
		};
		71B0B91C25569E4D00AC5E15 /* TicTacToeUITests */ = {
			isa = PBXGroup;
			children = (
				71B0B91D25569E4D00AC5E15 /* TicTacToeUITests.swift */,
				71B0B91F25569E4D00AC5E15 /* Info.plist */,
			);
			path = TicTacToeUITests;
			sourceTree = "<group>";
		};
		71B0B9312556A0F600AC5E15 /* View Controllers */ = {
			isa = PBXGroup;
			children = (
				7169E5CA255C19EC00DE9635 /* View Controller States */,
				71B0B96E2556CCEC00AC5E15 /* GameViewController.swift */,
				71B0B9752556CD0000AC5E15 /* InitPlayerViewController.swift */,
				71B0B9842556CDF900AC5E15 /* StartViewController.swift */,
			);
			path = "View Controllers";
			sourceTree = "<group>";
		};
		71B0B93C2556A16300AC5E15 /* Models */ = {
			isa = PBXGroup;
			children = (
				71B0B9C5255726C300AC5E15 /* Figures */,
				71B0B93E2556A1B200AC5E15 /* Player.swift */,
				71B2230D255732B7003D05C2 /* GameField.swift */,
			);
			path = Models;
			sourceTree = "<group>";
		};
		71B0B93D2556A16D00AC5E15 /* Support Files */ = {
			isa = PBXGroup;
			children = (
				71B0B8FB25569E4D00AC5E15 /* AppDelegate.swift */,
				71B0B8FD25569E4D00AC5E15 /* SceneDelegate.swift */,
				71B0B90125569E4D00AC5E15 /* Main.storyboard */,
				71B0B90625569E4D00AC5E15 /* LaunchScreen.storyboard */,
				71B0B90425569E4D00AC5E15 /* Assets.xcassets */,
				71B0B90925569E4D00AC5E15 /* Info.plist */,
			);
			path = "Support Files";
			sourceTree = "<group>";
		};
		71B0B99C2556E12400AC5E15 /* Cells */ = {
			isa = PBXGroup;
			children = (
				71B0B99D2556E14500AC5E15 /* FigureCollectionViewCell.swift */,
				71B0B99E2556E14500AC5E15 /* FigureCollectionViewCell.xib */,
				71B22315255737EA003D05C2 /* EmptyCollectionViewCell.swift */,
				71B22316255737EA003D05C2 /* EmptyCollectionViewCell.xib */,
			);
			path = Cells;
			sourceTree = "<group>";
		};
		71B0B9B52557087100AC5E15 /* Draw Strategys */ = {
			isa = PBXGroup;
			children = (
				71B0B9972556DE2F00AC5E15 /* DrawStrategysFactory.swift */,
				71B0B95B2556C2D600AC5E15 /* DrawStrategy.swift */,
			);
			path = "Draw Strategys";
			sourceTree = "<group>";
		};
		71B0B9BC2557099A00AC5E15 /* Facade */ = {
			isa = PBXGroup;
			children = (
				71B0B9BD25570A2C00AC5E15 /* GameFieldCreator.swift */,
				715AC4F7255C6DED00D4DC26 /* WinnerChecker.swift */,
			);
			path = Facade;
			sourceTree = "<group>";
		};
		71B0B9C5255726C300AC5E15 /* Figures */ = {
			isa = PBXGroup;
			children = (
				71B0B9482556A34300AC5E15 /* Figure.swift */,
				71B0B9E325572A5F00AC5E15 /* Cross.swift */,
				71B0B9CE255726F000AC5E15 /* Zero.swift */,
			);
			path = Figures;
			sourceTree = "<group>";
		};
/* End PBXGroup section */

/* Begin PBXNativeTarget section */
		71B0B8F725569E4C00AC5E15 /* TicTacToe */ = {
			isa = PBXNativeTarget;
			buildConfigurationList = 71B0B92225569E4D00AC5E15 /* Build configuration list for PBXNativeTarget "TicTacToe" */;
			buildPhases = (
				71B0B8F425569E4C00AC5E15 /* Sources */,
				71B0B8F525569E4C00AC5E15 /* Frameworks */,
				71B0B8F625569E4C00AC5E15 /* Resources */,
			);
			buildRules = (
			);
			dependencies = (
			);
			name = TicTacToe;
			productName = TicTacToe;
			productReference = 71B0B8F825569E4D00AC5E15 /* TicTacToe.app */;
			productType = "com.apple.product-type.application";
		};
		71B0B90D25569E4D00AC5E15 /* TicTacToeTests */ = {
			isa = PBXNativeTarget;
			buildConfigurationList = 71B0B92525569E4D00AC5E15 /* Build configuration list for PBXNativeTarget "TicTacToeTests" */;
			buildPhases = (
				71B0B90A25569E4D00AC5E15 /* Sources */,
				71B0B90B25569E4D00AC5E15 /* Frameworks */,
				71B0B90C25569E4D00AC5E15 /* Resources */,
			);
			buildRules = (
			);
			dependencies = (
				71B0B91025569E4D00AC5E15 /* PBXTargetDependency */,
			);
			name = TicTacToeTests;
			productName = TicTacToeTests;
			productReference = 71B0B90E25569E4D00AC5E15 /* TicTacToeTests.xctest */;
			productType = "com.apple.product-type.bundle.unit-test";
		};
		71B0B91825569E4D00AC5E15 /* TicTacToeUITests */ = {
			isa = PBXNativeTarget;
			buildConfigurationList = 71B0B92825569E4D00AC5E15 /* Build configuration list for PBXNativeTarget "TicTacToeUITests" */;
			buildPhases = (
				71B0B91525569E4D00AC5E15 /* Sources */,
				71B0B91625569E4D00AC5E15 /* Frameworks */,
				71B0B91725569E4D00AC5E15 /* Resources */,
			);
			buildRules = (
			);
			dependencies = (
				71B0B91B25569E4D00AC5E15 /* PBXTargetDependency */,
			);
			name = TicTacToeUITests;
			productName = TicTacToeUITests;
			productReference = 71B0B91925569E4D00AC5E15 /* TicTacToeUITests.xctest */;
			productType = "com.apple.product-type.bundle.ui-testing";
		};
/* End PBXNativeTarget section */

/* Begin PBXProject section */
		71B0B8F025569E4C00AC5E15 /* Project object */ = {
			isa = PBXProject;
			attributes = {
				LastSwiftUpdateCheck = 1210;
				LastUpgradeCheck = 1210;
				TargetAttributes = {
					71B0B8F725569E4C00AC5E15 = {
						CreatedOnToolsVersion = 12.1;
					};
					71B0B90D25569E4D00AC5E15 = {
						CreatedOnToolsVersion = 12.1;
						TestTargetID = 71B0B8F725569E4C00AC5E15;
					};
					71B0B91825569E4D00AC5E15 = {
						CreatedOnToolsVersion = 12.1;
						TestTargetID = 71B0B8F725569E4C00AC5E15;
					};
				};
			};
			buildConfigurationList = 71B0B8F325569E4C00AC5E15 /* Build configuration list for PBXProject "TicTacToe" */;
			compatibilityVersion = "Xcode 9.3";
			developmentRegion = en;
			hasScannedForEncodings = 0;
			knownRegions = (
				en,
				Base,
			);
			mainGroup = 71B0B8EF25569E4C00AC5E15;
			productRefGroup = 71B0B8F925569E4D00AC5E15 /* Products */;
			projectDirPath = "";
			projectRoot = "";
			targets = (
				71B0B8F725569E4C00AC5E15 /* TicTacToe */,
				71B0B90D25569E4D00AC5E15 /* TicTacToeTests */,
				71B0B91825569E4D00AC5E15 /* TicTacToeUITests */,
			);
		};
/* End PBXProject section */

/* Begin PBXResourcesBuildPhase section */
		71B0B8F625569E4C00AC5E15 /* Resources */ = {
			isa = PBXResourcesBuildPhase;
			buildActionMask = 2147483647;
			files = (
				71B0B90825569E4D00AC5E15 /* LaunchScreen.storyboard in Resources */,
				71B0B90525569E4D00AC5E15 /* Assets.xcassets in Resources */,
				71B22318255737EA003D05C2 /* EmptyCollectionViewCell.xib in Resources */,
				71B0B9A02556E14500AC5E15 /* FigureCollectionViewCell.xib in Resources */,
				71B0B90325569E4D00AC5E15 /* Main.storyboard in Resources */,
			);
			runOnlyForDeploymentPostprocessing = 0;
		};
		71B0B90C25569E4D00AC5E15 /* Resources */ = {
			isa = PBXResourcesBuildPhase;
			buildActionMask = 2147483647;
			files = (
			);
			runOnlyForDeploymentPostprocessing = 0;
		};
		71B0B91725569E4D00AC5E15 /* Resources */ = {
			isa = PBXResourcesBuildPhase;
			buildActionMask = 2147483647;
			files = (
			);
			runOnlyForDeploymentPostprocessing = 0;
		};
/* End PBXResourcesBuildPhase section */

/* Begin PBXSourcesBuildPhase section */
		71B0B8F425569E4C00AC5E15 /* Sources */ = {
			isa = PBXSourcesBuildPhase;
			buildActionMask = 2147483647;
			files = (
				71B0B9702556CCEC00AC5E15 /* GameViewController.swift in Sources */,
				7169E5D6255C1ADB00DE9635 /* GameOverState.swift in Sources */,
				71B0B9982556DE2F00AC5E15 /* DrawStrategysFactory.swift in Sources */,
				71B0B9772556CD0000AC5E15 /* InitPlayerViewController.swift in Sources */,
				71B0B9CF255726F000AC5E15 /* Zero.swift in Sources */,
				71B0B8FC25569E4D00AC5E15 /* AppDelegate.swift in Sources */,
				7169E5CC255C1A4E00DE9635 /* GameState.swift in Sources */,
				71B0B9492556A34300AC5E15 /* Figure.swift in Sources */,
				71B0B9862556CDF900AC5E15 /* StartViewController.swift in Sources */,
				71B0B9E425572A5F00AC5E15 /* Cross.swift in Sources */,
				71B0B9BE25570A2C00AC5E15 /* GameFieldCreator.swift in Sources */,
				71B0B8FE25569E4D00AC5E15 /* SceneDelegate.swift in Sources */,
				7169E5D1255C1AD100DE9635 /* PlayersState.swift in Sources */,
				715AC4F8255C6DED00D4DC26 /* WinnerChecker.swift in Sources */,
				71B0B93F2556A1B200AC5E15 /* Player.swift in Sources */,
				71B0B95C2556C2D600AC5E15 /* DrawStrategy.swift in Sources */,
				71B2230E255732B7003D05C2 /* GameField.swift in Sources */,
				71B22317255737EA003D05C2 /* EmptyCollectionViewCell.swift in Sources */,
				71B0B99F2556E14500AC5E15 /* FigureCollectionViewCell.swift in Sources */,
			);
			runOnlyForDeploymentPostprocessing = 0;
		};
		71B0B90A25569E4D00AC5E15 /* Sources */ = {
			isa = PBXSourcesBuildPhase;
			buildActionMask = 2147483647;
			files = (
				71B0B91325569E4D00AC5E15 /* TicTacToeTests.swift in Sources */,
			);
			runOnlyForDeploymentPostprocessing = 0;
		};
		71B0B91525569E4D00AC5E15 /* Sources */ = {
			isa = PBXSourcesBuildPhase;
			buildActionMask = 2147483647;
			files = (
				71B0B91E25569E4D00AC5E15 /* TicTacToeUITests.swift in Sources */,
			);
			runOnlyForDeploymentPostprocessing = 0;
		};
/* End PBXSourcesBuildPhase section */

/* Begin PBXTargetDependency section */
		71B0B91025569E4D00AC5E15 /* PBXTargetDependency */ = {
			isa = PBXTargetDependency;
			target = 71B0B8F725569E4C00AC5E15 /* TicTacToe */;
			targetProxy = 71B0B90F25569E4D00AC5E15 /* PBXContainerItemProxy */;
		};
		71B0B91B25569E4D00AC5E15 /* PBXTargetDependency */ = {
			isa = PBXTargetDependency;
			target = 71B0B8F725569E4C00AC5E15 /* TicTacToe */;
			targetProxy = 71B0B91A25569E4D00AC5E15 /* PBXContainerItemProxy */;
		};
/* End PBXTargetDependency section */

/* Begin PBXVariantGroup section */
		71B0B90125569E4D00AC5E15 /* Main.storyboard */ = {
			isa = PBXVariantGroup;
			children = (
				71B0B90225569E4D00AC5E15 /* Base */,
			);
			name = Main.storyboard;
			sourceTree = "<group>";
		};
		71B0B90625569E4D00AC5E15 /* LaunchScreen.storyboard */ = {
			isa = PBXVariantGroup;
			children = (
				71B0B90725569E4D00AC5E15 /* Base */,
			);
			name = LaunchScreen.storyboard;
			sourceTree = "<group>";
		};
/* End PBXVariantGroup section */

/* Begin XCBuildConfiguration section */
		71B0B92025569E4D00AC5E15 /* Debug */ = {
			isa = XCBuildConfiguration;
			buildSettings = {
				ALWAYS_SEARCH_USER_PATHS = NO;
				CLANG_ANALYZER_NONNULL = YES;
				CLANG_ANALYZER_NUMBER_OBJECT_CONVERSION = YES_AGGRESSIVE;
				CLANG_CXX_LANGUAGE_STANDARD = "gnu++14";
				CLANG_CXX_LIBRARY = "libc++";
				CLANG_ENABLE_MODULES = YES;
				CLANG_ENABLE_OBJC_ARC = YES;
				CLANG_ENABLE_OBJC_WEAK = YES;
				CLANG_WARN_BLOCK_CAPTURE_AUTORELEASING = YES;
				CLANG_WARN_BOOL_CONVERSION = YES;
				CLANG_WARN_COMMA = YES;
				CLANG_WARN_CONSTANT_CONVERSION = YES;
				CLANG_WARN_DEPRECATED_OBJC_IMPLEMENTATIONS = YES;
				CLANG_WARN_DIRECT_OBJC_ISA_USAGE = YES_ERROR;
				CLANG_WARN_DOCUMENTATION_COMMENTS = YES;
				CLANG_WARN_EMPTY_BODY = YES;
				CLANG_WARN_ENUM_CONVERSION = YES;
				CLANG_WARN_INFINITE_RECURSION = YES;
				CLANG_WARN_INT_CONVERSION = YES;
				CLANG_WARN_NON_LITERAL_NULL_CONVERSION = YES;
				CLANG_WARN_OBJC_IMPLICIT_RETAIN_SELF = YES;
				CLANG_WARN_OBJC_LITERAL_CONVERSION = YES;
				CLANG_WARN_OBJC_ROOT_CLASS = YES_ERROR;
				CLANG_WARN_QUOTED_INCLUDE_IN_FRAMEWORK_HEADER = YES;
				CLANG_WARN_RANGE_LOOP_ANALYSIS = YES;
				CLANG_WARN_STRICT_PROTOTYPES = YES;
				CLANG_WARN_SUSPICIOUS_MOVE = YES;
				CLANG_WARN_UNGUARDED_AVAILABILITY = YES_AGGRESSIVE;
				CLANG_WARN_UNREACHABLE_CODE = YES;
				CLANG_WARN__DUPLICATE_METHOD_MATCH = YES;
				COPY_PHASE_STRIP = NO;
				DEBUG_INFORMATION_FORMAT = dwarf;
				ENABLE_STRICT_OBJC_MSGSEND = YES;
				ENABLE_TESTABILITY = YES;
				GCC_C_LANGUAGE_STANDARD = gnu11;
				GCC_DYNAMIC_NO_PIC = NO;
				GCC_NO_COMMON_BLOCKS = YES;
				GCC_OPTIMIZATION_LEVEL = 0;
				GCC_PREPROCESSOR_DEFINITIONS = (
					"DEBUG=1",
					"$(inherited)",
				);
				GCC_WARN_64_TO_32_BIT_CONVERSION = YES;
				GCC_WARN_ABOUT_RETURN_TYPE = YES_ERROR;
				GCC_WARN_UNDECLARED_SELECTOR = YES;
				GCC_WARN_UNINITIALIZED_AUTOS = YES_AGGRESSIVE;
				GCC_WARN_UNUSED_FUNCTION = YES;
				GCC_WARN_UNUSED_VARIABLE = YES;
				IPHONEOS_DEPLOYMENT_TARGET = 14.1;
				MTL_ENABLE_DEBUG_INFO = INCLUDE_SOURCE;
				MTL_FAST_MATH = YES;
				ONLY_ACTIVE_ARCH = YES;
				SDKROOT = iphoneos;
				SWIFT_ACTIVE_COMPILATION_CONDITIONS = DEBUG;
				SWIFT_OPTIMIZATION_LEVEL = "-Onone";
			};
			name = Debug;
		};
		71B0B92125569E4D00AC5E15 /* Release */ = {
			isa = XCBuildConfiguration;
			buildSettings = {
				ALWAYS_SEARCH_USER_PATHS = NO;
				CLANG_ANALYZER_NONNULL = YES;
				CLANG_ANALYZER_NUMBER_OBJECT_CONVERSION = YES_AGGRESSIVE;
				CLANG_CXX_LANGUAGE_STANDARD = "gnu++14";
				CLANG_CXX_LIBRARY = "libc++";
				CLANG_ENABLE_MODULES = YES;
				CLANG_ENABLE_OBJC_ARC = YES;
				CLANG_ENABLE_OBJC_WEAK = YES;
				CLANG_WARN_BLOCK_CAPTURE_AUTORELEASING = YES;
				CLANG_WARN_BOOL_CONVERSION = YES;
				CLANG_WARN_COMMA = YES;
				CLANG_WARN_CONSTANT_CONVERSION = YES;
				CLANG_WARN_DEPRECATED_OBJC_IMPLEMENTATIONS = YES;
				CLANG_WARN_DIRECT_OBJC_ISA_USAGE = YES_ERROR;
				CLANG_WARN_DOCUMENTATION_COMMENTS = YES;
				CLANG_WARN_EMPTY_BODY = YES;
				CLANG_WARN_ENUM_CONVERSION = YES;
				CLANG_WARN_INFINITE_RECURSION = YES;
				CLANG_WARN_INT_CONVERSION = YES;
				CLANG_WARN_NON_LITERAL_NULL_CONVERSION = YES;
				CLANG_WARN_OBJC_IMPLICIT_RETAIN_SELF = YES;
				CLANG_WARN_OBJC_LITERAL_CONVERSION = YES;
				CLANG_WARN_OBJC_ROOT_CLASS = YES_ERROR;
				CLANG_WARN_QUOTED_INCLUDE_IN_FRAMEWORK_HEADER = YES;
				CLANG_WARN_RANGE_LOOP_ANALYSIS = YES;
				CLANG_WARN_STRICT_PROTOTYPES = YES;
				CLANG_WARN_SUSPICIOUS_MOVE = YES;
				CLANG_WARN_UNGUARDED_AVAILABILITY = YES_AGGRESSIVE;
				CLANG_WARN_UNREACHABLE_CODE = YES;
				CLANG_WARN__DUPLICATE_METHOD_MATCH = YES;
				COPY_PHASE_STRIP = NO;
				DEBUG_INFORMATION_FORMAT = "dwarf-with-dsym";
				ENABLE_NS_ASSERTIONS = NO;
				ENABLE_STRICT_OBJC_MSGSEND = YES;
				GCC_C_LANGUAGE_STANDARD = gnu11;
				GCC_NO_COMMON_BLOCKS = YES;
				GCC_WARN_64_TO_32_BIT_CONVERSION = YES;
				GCC_WARN_ABOUT_RETURN_TYPE = YES_ERROR;
				GCC_WARN_UNDECLARED_SELECTOR = YES;
				GCC_WARN_UNINITIALIZED_AUTOS = YES_AGGRESSIVE;
				GCC_WARN_UNUSED_FUNCTION = YES;
				GCC_WARN_UNUSED_VARIABLE = YES;
				IPHONEOS_DEPLOYMENT_TARGET = 14.1;
				MTL_ENABLE_DEBUG_INFO = NO;
				MTL_FAST_MATH = YES;
				SDKROOT = iphoneos;
				SWIFT_COMPILATION_MODE = wholemodule;
				SWIFT_OPTIMIZATION_LEVEL = "-O";
				VALIDATE_PRODUCT = YES;
			};
			name = Release;
		};
		71B0B92325569E4D00AC5E15 /* Debug */ = {
			isa = XCBuildConfiguration;
			buildSettings = {
				ASSETCATALOG_COMPILER_APPICON_NAME = AppIcon;
				ASSETCATALOG_COMPILER_GLOBAL_ACCENT_COLOR_NAME = AccentColor;
				CODE_SIGN_STYLE = Automatic;
				DEVELOPMENT_TEAM = QU9ZBG8S59;
				INFOPLIST_FILE = "TicTacToe/Support Files/Info.plist";
				IPHONEOS_DEPLOYMENT_TARGET = 13.5;
				LD_RUNPATH_SEARCH_PATHS = (
					"$(inherited)",
					"@executable_path/Frameworks",
				);
				PRODUCT_BUNDLE_IDENTIFIER = obryga.corp.TicTacToe;
				PRODUCT_NAME = "$(TARGET_NAME)";
				SWIFT_VERSION = 5.0;
				TARGETED_DEVICE_FAMILY = "1,2";
			};
			name = Debug;
		};
		71B0B92425569E4D00AC5E15 /* Release */ = {
			isa = XCBuildConfiguration;
			buildSettings = {
				ASSETCATALOG_COMPILER_APPICON_NAME = AppIcon;
				ASSETCATALOG_COMPILER_GLOBAL_ACCENT_COLOR_NAME = AccentColor;
				CODE_SIGN_STYLE = Automatic;
				DEVELOPMENT_TEAM = QU9ZBG8S59;
				INFOPLIST_FILE = "TicTacToe/Support Files/Info.plist";
				IPHONEOS_DEPLOYMENT_TARGET = 13.5;
				LD_RUNPATH_SEARCH_PATHS = (
					"$(inherited)",
					"@executable_path/Frameworks",
				);
				PRODUCT_BUNDLE_IDENTIFIER = obryga.corp.TicTacToe;
				PRODUCT_NAME = "$(TARGET_NAME)";
				SWIFT_VERSION = 5.0;
				TARGETED_DEVICE_FAMILY = "1,2";
			};
			name = Release;
		};
		71B0B92625569E4D00AC5E15 /* Debug */ = {
			isa = XCBuildConfiguration;
			buildSettings = {
				ALWAYS_EMBED_SWIFT_STANDARD_LIBRARIES = YES;
				BUNDLE_LOADER = "$(TEST_HOST)";
				CODE_SIGN_STYLE = Automatic;
				DEVELOPMENT_TEAM = QU9ZBG8S59;
				INFOPLIST_FILE = TicTacToeTests/Info.plist;
				IPHONEOS_DEPLOYMENT_TARGET = 14.1;
				LD_RUNPATH_SEARCH_PATHS = (
					"$(inherited)",
					"@executable_path/Frameworks",
					"@loader_path/Frameworks",
				);
				PRODUCT_BUNDLE_IDENTIFIER = obryga.corp.TicTacToeTests;
				PRODUCT_NAME = "$(TARGET_NAME)";
				SWIFT_VERSION = 5.0;
				TARGETED_DEVICE_FAMILY = "1,2";
				TEST_HOST = "$(BUILT_PRODUCTS_DIR)/TicTacToe.app/TicTacToe";
			};
			name = Debug;
		};
		71B0B92725569E4D00AC5E15 /* Release */ = {
			isa = XCBuildConfiguration;
			buildSettings = {
				ALWAYS_EMBED_SWIFT_STANDARD_LIBRARIES = YES;
				BUNDLE_LOADER = "$(TEST_HOST)";
				CODE_SIGN_STYLE = Automatic;
				DEVELOPMENT_TEAM = QU9ZBG8S59;
				INFOPLIST_FILE = TicTacToeTests/Info.plist;
				IPHONEOS_DEPLOYMENT_TARGET = 14.1;
				LD_RUNPATH_SEARCH_PATHS = (
					"$(inherited)",
					"@executable_path/Frameworks",
					"@loader_path/Frameworks",
				);
				PRODUCT_BUNDLE_IDENTIFIER = obryga.corp.TicTacToeTests;
				PRODUCT_NAME = "$(TARGET_NAME)";
				SWIFT_VERSION = 5.0;
				TARGETED_DEVICE_FAMILY = "1,2";
				TEST_HOST = "$(BUILT_PRODUCTS_DIR)/TicTacToe.app/TicTacToe";
			};
			name = Release;
		};
		71B0B92925569E4D00AC5E15 /* Debug */ = {
			isa = XCBuildConfiguration;
			buildSettings = {
				ALWAYS_EMBED_SWIFT_STANDARD_LIBRARIES = YES;
				CODE_SIGN_STYLE = Automatic;
				DEVELOPMENT_TEAM = QU9ZBG8S59;
				INFOPLIST_FILE = TicTacToeUITests/Info.plist;
				LD_RUNPATH_SEARCH_PATHS = (
					"$(inherited)",
					"@executable_path/Frameworks",
					"@loader_path/Frameworks",
				);
				PRODUCT_BUNDLE_IDENTIFIER = obryga.corp.TicTacToeUITests;
				PRODUCT_NAME = "$(TARGET_NAME)";
				SWIFT_VERSION = 5.0;
				TARGETED_DEVICE_FAMILY = "1,2";
				TEST_TARGET_NAME = TicTacToe;
			};
			name = Debug;
		};
		71B0B92A25569E4D00AC5E15 /* Release */ = {
			isa = XCBuildConfiguration;
			buildSettings = {
				ALWAYS_EMBED_SWIFT_STANDARD_LIBRARIES = YES;
				CODE_SIGN_STYLE = Automatic;
				DEVELOPMENT_TEAM = QU9ZBG8S59;
				INFOPLIST_FILE = TicTacToeUITests/Info.plist;
				LD_RUNPATH_SEARCH_PATHS = (
					"$(inherited)",
					"@executable_path/Frameworks",
					"@loader_path/Frameworks",
				);
				PRODUCT_BUNDLE_IDENTIFIER = obryga.corp.TicTacToeUITests;
				PRODUCT_NAME = "$(TARGET_NAME)";
				SWIFT_VERSION = 5.0;
				TARGETED_DEVICE_FAMILY = "1,2";
				TEST_TARGET_NAME = TicTacToe;
			};
			name = Release;
		};
/* End XCBuildConfiguration section */

/* Begin XCConfigurationList section */
		71B0B8F325569E4C00AC5E15 /* Build configuration list for PBXProject "TicTacToe" */ = {
			isa = XCConfigurationList;
			buildConfigurations = (
				71B0B92025569E4D00AC5E15 /* Debug */,
				71B0B92125569E4D00AC5E15 /* Release */,
			);
			defaultConfigurationIsVisible = 0;
			defaultConfigurationName = Release;
		};
		71B0B92225569E4D00AC5E15 /* Build configuration list for PBXNativeTarget "TicTacToe" */ = {
			isa = XCConfigurationList;
			buildConfigurations = (
				71B0B92325569E4D00AC5E15 /* Debug */,
				71B0B92425569E4D00AC5E15 /* Release */,
			);
			defaultConfigurationIsVisible = 0;
			defaultConfigurationName = Release;
		};
		71B0B92525569E4D00AC5E15 /* Build configuration list for PBXNativeTarget "TicTacToeTests" */ = {
			isa = XCConfigurationList;
			buildConfigurations = (
				71B0B92625569E4D00AC5E15 /* Debug */,
				71B0B92725569E4D00AC5E15 /* Release */,
			);
			defaultConfigurationIsVisible = 0;
			defaultConfigurationName = Release;
		};
		71B0B92825569E4D00AC5E15 /* Build configuration list for PBXNativeTarget "TicTacToeUITests" */ = {
			isa = XCConfigurationList;
			buildConfigurations = (
				71B0B92925569E4D00AC5E15 /* Debug */,
				71B0B92A25569E4D00AC5E15 /* Release */,
			);
			defaultConfigurationIsVisible = 0;
			defaultConfigurationName = Release;
		};
/* End XCConfigurationList section */
	};
	rootObject = 71B0B8F025569E4C00AC5E15 /* Project object */;
}
